// !$*UTF8*$!
{
	archiveVersion = 1;
	classes = {
	};
	objectVersion = 46;
	objects = {

/* Begin PBXBuildFile section */
		868719E21999518C00456550 /* AppDelegate.swift in Sources */ = {isa = PBXBuildFile; fileRef = 868719E11999518C00456550 /* AppDelegate.swift */; };
		868719E41999518C00456550 /* ViewController.swift in Sources */ = {isa = PBXBuildFile; fileRef = 868719E31999518C00456550 /* ViewController.swift */; };
		868719E71999518C00456550 /* Main.storyboard in Resources */ = {isa = PBXBuildFile; fileRef = 868719E51999518C00456550 /* Main.storyboard */; };
		868719E91999518C00456550 /* Images.xcassets in Resources */ = {isa = PBXBuildFile; fileRef = 868719E81999518C00456550 /* Images.xcassets */; };
		868719F51999518C00456550 /* FlickerViewerTests.swift in Sources */ = {isa = PBXBuildFile; fileRef = 868719F41999518C00456550 /* FlickerViewerTests.swift */; };
		868719FF199951BE00456550 /* FlickrHelper.swift in Sources */ = {isa = PBXBuildFile; fileRef = 868719FE199951BE00456550 /* FlickrHelper.swift */; };
		86871A011999527F00456550 /* FlickrPhoto.swift in Sources */ = {isa = PBXBuildFile; fileRef = 86871A001999527F00456550 /* FlickrPhoto.swift */; };
/* End PBXBuildFile section */

/* Begin PBXContainerItemProxy section */
		868719EF1999518C00456550 /* PBXContainerItemProxy */ = {
			isa = PBXContainerItemProxy;
			containerPortal = 868719D41999518C00456550 /* Project object */;
			proxyType = 1;
			remoteGlobalIDString = 868719DB1999518C00456550;
			remoteInfo = FlickerViewer;
		};
/* End PBXContainerItemProxy section */

/* Begin PBXFileReference section */
		868719DC1999518C00456550 /* FlickerViewer.app */ = {isa = PBXFileReference; explicitFileType = wrapper.application; includeInIndex = 0; path = FlickerViewer.app; sourceTree = BUILT_PRODUCTS_DIR; };
		868719E01999518C00456550 /* Info.plist */ = {isa = PBXFileReference; lastKnownFileType = text.plist.xml; path = Info.plist; sourceTree = "<group>"; };
		868719E11999518C00456550 /* AppDelegate.swift */ = {isa = PBXFileReference; lastKnownFileType = sourcecode.swift; path = AppDelegate.swift; sourceTree = "<group>"; };
		868719E31999518C00456550 /* ViewController.swift */ = {isa = PBXFileReference; lastKnownFileType = sourcecode.swift; path = ViewController.swift; sourceTree = "<group>"; };
		868719E61999518C00456550 /* Base */ = {isa = PBXFileReference; lastKnownFileType = file.storyboard; name = Base; path = Base.lproj/Main.storyboard; sourceTree = "<group>"; };
		868719E81999518C00456550 /* Images.xcassets */ = {isa = PBXFileReference; lastKnownFileType = folder.assetcatalog; path = Images.xcassets; sourceTree = "<group>"; };
		868719EE1999518C00456550 /* FlickerViewerTests.xctest */ = {isa = PBXFileReference; explicitFileType = wrapper.cfbundle; includeInIndex = 0; path = FlickerViewerTests.xctest; sourceTree = BUILT_PRODUCTS_DIR; };
		868719F31999518C00456550 /* Info.plist */ = {isa = PBXFileReference; lastKnownFileType = text.plist.xml; path = Info.plist; sourceTree = "<group>"; };
		868719F41999518C00456550 /* FlickerViewerTests.swift */ = {isa = PBXFileReference; lastKnownFileType = sourcecode.swift; path = FlickerViewerTests.swift; sourceTree = "<group>"; };
		868719FE199951BE00456550 /* FlickrHelper.swift */ = {isa = PBXFileReference; fileEncoding = 4; lastKnownFileType = sourcecode.swift; path = FlickrHelper.swift; sourceTree = "<group>"; };
		86871A001999527F00456550 /* FlickrPhoto.swift */ = {isa = PBXFileReference; fileEncoding = 4; lastKnownFileType = sourcecode.swift; path = FlickrPhoto.swift; sourceTree = "<group>"; };
/* End PBXFileReference section */

/* Begin PBXFrameworksBuildPhase section */
		868719D91999518C00456550 /* Frameworks */ = {
			isa = PBXFrameworksBuildPhase;
			buildActionMask = 2147483647;
			files = (
			);
			runOnlyForDeploymentPostprocessing = 0;
		};
		868719EB1999518C00456550 /* Frameworks */ = {
			isa = PBXFrameworksBuildPhase;
			buildActionMask = 2147483647;
			files = (
			);
			runOnlyForDeploymentPostprocessing = 0;
		};
/* End PBXFrameworksBuildPhase section */

/* Begin PBXGroup section */
		868719D31999518C00456550 = {
			isa = PBXGroup;
			children = (
				868719DE1999518C00456550 /* FlickerViewer */,
				868719F11999518C00456550 /* FlickerViewerTests */,
				868719DD1999518C00456550 /* Products */,
			);
			sourceTree = "<group>";
		};
		868719DD1999518C00456550 /* Products */ = {
			isa = PBXGroup;
			children = (
				868719DC1999518C00456550 /* FlickerViewer.app */,
				868719EE1999518C00456550 /* FlickerViewerTests.xctest */,
			);
			name = Products;
			sourceTree = "<group>";
		};
		868719DE1999518C00456550 /* FlickerViewer */ = {
			isa = PBXGroup;
			children = (
				868719E11999518C00456550 /* AppDelegate.swift */,
				868719E31999518C00456550 /* ViewController.swift */,
				868719FE199951BE00456550 /* FlickrHelper.swift */,
				86871A001999527F00456550 /* FlickrPhoto.swift */,
				868719E51999518C00456550 /* Main.storyboard */,
				868719E81999518C00456550 /* Images.xcassets */,
				868719DF1999518C00456550 /* Supporting Files */,
			);
			path = FlickerViewer;
			sourceTree = "<group>";
		};
		868719DF1999518C00456550 /* Supporting Files */ = {
			isa = PBXGroup;
			children = (
				868719E01999518C00456550 /* Info.plist */,
			);
			name = "Supporting Files";
			sourceTree = "<group>";
		};
		868719F11999518C00456550 /* FlickerViewerTests */ = {
			isa = PBXGroup;
			children = (
				868719F41999518C00456550 /* FlickerViewerTests.swift */,
				868719F21999518C00456550 /* Supporting Files */,
			);
			path = FlickerViewerTests;
			sourceTree = "<group>";
		};
		868719F21999518C00456550 /* Supporting Files */ = {
			isa = PBXGroup;
			children = (
				868719F31999518C00456550 /* Info.plist */,
			);
			name = "Supporting Files";
			sourceTree = "<group>";
		};
/* End PBXGroup section */

/* Begin PBXNativeTarget section */
		868719DB1999518C00456550 /* FlickerViewer */ = {
			isa = PBXNativeTarget;
			buildConfigurationList = 868719F81999518C00456550 /* Build configuration list for PBXNativeTarget "FlickerViewer" */;
			buildPhases = (
				868719D81999518C00456550 /* Sources */,
				868719D91999518C00456550 /* Frameworks */,
				868719DA1999518C00456550 /* Resources */,
			);
			buildRules = (
			);
			dependencies = (
			);
			name = FlickerViewer;
			productName = FlickerViewer;
			productReference = 868719DC1999518C00456550 /* FlickerViewer.app */;
			productType = "com.apple.product-type.application";
		};
		868719ED1999518C00456550 /* FlickerViewerTests */ = {
			isa = PBXNativeTarget;
			buildConfigurationList = 868719FB1999518C00456550 /* Build configuration list for PBXNativeTarget "FlickerViewerTests" */;
			buildPhases = (
				868719EA1999518C00456550 /* Sources */,
				868719EB1999518C00456550 /* Frameworks */,
				868719EC1999518C00456550 /* Resources */,
			);
			buildRules = (
			);
			dependencies = (
				868719F01999518C00456550 /* PBXTargetDependency */,
			);
			name = FlickerViewerTests;
			productName = FlickerViewerTests;
			productReference = 868719EE1999518C00456550 /* FlickerViewerTests.xctest */;
			productType = "com.apple.product-type.bundle.unit-test";
		};
/* End PBXNativeTarget section */

/* Begin PBXProject section */
		868719D41999518C00456550 /* Project object */ = {
			isa = PBXProject;
			attributes = {
				LastSwiftMigration = 0720;
				LastSwiftUpdateCheck = 0720;
				LastUpgradeCheck = 0600;
				ORGANIZATIONNAME = Training;
				TargetAttributes = {
					868719DB1999518C00456550 = {
						CreatedOnToolsVersion = 6.0;
					};
					868719ED1999518C00456550 = {
						CreatedOnToolsVersion = 6.0;
						TestTargetID = 868719DB1999518C00456550;
					};
				};
			};
			buildConfigurationList = 868719D71999518C00456550 /* Build configuration list for PBXProject "FlickerViewer" */;
			compatibilityVersion = "Xcode 3.2";
			developmentRegion = English;
			hasScannedForEncodings = 0;
			knownRegions = (
				en,
				Base,
			);
			mainGroup = 868719D31999518C00456550;
			productRefGroup = 868719DD1999518C00456550 /* Products */;
			projectDirPath = "";
			projectRoot = "";
			targets = (
				868719DB1999518C00456550 /* FlickerViewer */,
				868719ED1999518C00456550 /* FlickerViewerTests */,
			);
		};
/* End PBXProject section */

/* Begin PBXResourcesBuildPhase section */
		868719DA1999518C00456550 /* Resources */ = {
			isa = PBXResourcesBuildPhase;
			buildActionMask = 2147483647;
			files = (
				868719E71999518C00456550 /* Main.storyboard in Resources */,
				868719E91999518C00456550 /* Images.xcassets in Resources */,
			);
			runOnlyForDeploymentPostprocessing = 0;
		};
		868719EC1999518C00456550 /* Resources */ = {
			isa = PBXResourcesBuildPhase;
			buildActionMask = 2147483647;
			files = (
			);
			runOnlyForDeploymentPostprocessing = 0;
		};
/* End PBXResourcesBuildPhase section */

/* Begin PBXSourcesBuildPhase section */
		868719D81999518C00456550 /* Sources */ = {
			isa = PBXSourcesBuildPhase;
			buildActionMask = 2147483647;
			files = (
				868719FF199951BE00456550 /* FlickrHelper.swift in Sources */,
				86871A011999527F00456550 /* FlickrPhoto.swift in Sources */,
				868719E41999518C00456550 /* ViewController.swift in Sources */,
				868719E21999518C00456550 /* AppDelegate.swift in Sources */,
			);
			runOnlyForDeploymentPostprocessing = 0;
		};
		868719EA1999518C00456550 /* Sources */ = {
			isa = PBXSourcesBuildPhase;
			buildActionMask = 2147483647;
			files = (
				868719F51999518C00456550 /* FlickerViewerTests.swift in Sources */,
			);
			runOnlyForDeploymentPostprocessing = 0;
		};
/* End PBXSourcesBuildPhase section */

/* Begin PBXTargetDependency section */
		868719F01999518C00456550 /* PBXTargetDependency */ = {
			isa = PBXTargetDependency;
			target = 868719DB1999518C00456550 /* FlickerViewer */;
			targetProxy = 868719EF1999518C00456550 /* PBXContainerItemProxy */;
		};
/* End PBXTargetDependency section */

/* Begin PBXVariantGroup section */
		868719E51999518C00456550 /* Main.storyboard */ = {
			isa = PBXVariantGroup;
			children = (
				868719E61999518C00456550 /* Base */,
			);
			name = Main.storyboard;
			sourceTree = "<group>";
		};
/* End PBXVariantGroup section */

/* Begin XCBuildConfiguration section */
		868719F61999518C00456550 /* Debug */ = {
			isa = XCBuildConfiguration;
			buildSettings = {
				ALWAYS_SEARCH_USER_PATHS = NO;
				CLANG_CXX_LANGUAGE_STANDARD = "gnu++0x";
				CLANG_CXX_LIBRARY = "libc++";
				CLANG_ENABLE_MODULES = YES;
				CLANG_ENABLE_OBJC_ARC = YES;
				CLANG_WARN_BOOL_CONVERSION = YES;
				CLANG_WARN_CONSTANT_CONVERSION = YES;
				CLANG_WARN_DIRECT_OBJC_ISA_USAGE = YES_ERROR;
				CLANG_WARN_EMPTY_BODY = YES;
				CLANG_WARN_ENUM_CONVERSION = YES;
				CLANG_WARN_INT_CONVERSION = YES;
				CLANG_WARN_OBJC_ROOT_CLASS = YES_ERROR;
				CLANG_WARN_UNREACHABLE_CODE = YES;
				CLANG_WARN__DUPLICATE_METHOD_MATCH = YES;
				"CODE_SIGN_IDENTITY[sdk=iphoneos*]" = "iPhone Developer";
				COPY_PHASE_STRIP = NO;
				ENABLE_STRICT_OBJC_MSGSEND = YES;
				GCC_C_LANGUAGE_STANDARD = gnu99;
				GCC_DYNAMIC_NO_PIC = NO;
				GCC_OPTIMIZATION_LEVEL = 0;
				GCC_PREPROCESSOR_DEFINITIONS = (
					"DEBUG=1",
					"$(inherited)",
				);
				GCC_SYMBOLS_PRIVATE_EXTERN = NO;
				GCC_WARN_64_TO_32_BIT_CONVERSION = YES;
				GCC_WARN_ABOUT_RETURN_TYPE = YES_ERROR;
				GCC_WARN_UNDECLARED_SELECTOR = YES;
				GCC_WARN_UNINITIALIZED_AUTOS = YES_AGGRESSIVE;
				GCC_WARN_UNUSED_FUNCTION = YES;
				GCC_WARN_UNUSED_VARIABLE = YES;
				IPHONEOS_DEPLOYMENT_TARGET = 8.0;
				MTL_ENABLE_DEBUG_INFO = YES;
				ONLY_ACTIVE_ARCH = YES;
				SDKROOT = iphoneos;
				SWIFT_OPTIMIZATION_LEVEL = "-Onone";
			};
			name = Debug;
		};
		868719F71999518C00456550 /* Release */ = {
			isa = XCBuildConfiguration;
			buildSettings = {
				ALWAYS_SEARCH_USER_PATHS = NO;
				CLANG_CXX_LANGUAGE_STANDARD = "gnu++0x";
				CLANG_CXX_LIBRARY = "libc++";
				CLANG_ENABLE_MODULES = YES;
				CLANG_ENABLE_OBJC_ARC = YES;
				CLANG_WARN_BOOL_CONVERSION = YES;
				CLANG_WARN_CONSTANT_CONVERSION = YES;
				CLANG_WARN_DIRECT_OBJC_ISA_USAGE = YES_ERROR;
				CLANG_WARN_EMPTY_BODY = YES;
				CLANG_WARN_ENUM_CONVERSION = YES;
				CLANG_WARN_INT_CONVERSION = YES;
				CLANG_WARN_OBJC_ROOT_CLASS = YES_ERROR;
				CLANG_WARN_UNREACHABLE_CODE = YES;
				CLANG_WARN__DUPLICATE_METHOD_MATCH = YES;
				"CODE_SIGN_IDENTITY[sdk=iphoneos*]" = "iPhone Developer";
				COPY_PHASE_STRIP = YES;
				ENABLE_NS_ASSERTIONS = NO;
				ENABLE_STRICT_OBJC_MSGSEND = YES;
				GCC_C_LANGUAGE_STANDARD = gnu99;
				GCC_WARN_64_TO_32_BIT_CONVERSION = YES;
				GCC_WARN_ABOUT_RETURN_TYPE = YES_ERROR;
				GCC_WARN_UNDECLARED_SELECTOR = YES;
				GCC_WARN_UNINITIALIZED_AUTOS = YES_AGGRESSIVE;
				GCC_WARN_UNUSED_FUNCTION = YES;
				GCC_WARN_UNUSED_VARIABLE = YES;
				IPHONEOS_DEPLOYMENT_TARGET = 8.0;
				MTL_ENABLE_DEBUG_INFO = NO;
				SDKROOT = iphoneos;
				VALIDATE_PRODUCT = YES;
			};
			name = Release;
		};
		868719F91999518C00456550 /* Debug */ = {
			isa = XCBuildConfiguration;
			buildSettings = {
				ASSETCATALOG_COMPILER_APPICON_NAME = AppIcon;
				ASSETCATALOG_COMPILER_LAUNCHIMAGE_NAME = LaunchImage;
				INFOPLIST_FILE = FlickerViewer/Info.plist;
				LD_RUNPATH_SEARCH_PATHS = "$(inherited) @executable_path/Frameworks";
				PRODUCT_NAME = "$(TARGET_NAME)";
			};
			name = Debug;
		};
		868719FA1999518C00456550 /* Release */ = {
			isa = XCBuildConfiguration;
			buildSettings = {
				ASSETCATALOG_COMPILER_APPICON_NAME = AppIcon;
				ASSETCATALOG_COMPILER_LAUNCHIMAGE_NAME = LaunchImage;
				INFOPLIST_FILE = FlickerViewer/Info.plist;
				LD_RUNPATH_SEARCH_PATHS = "$(inherited) @executable_path/Frameworks";
				PRODUCT_NAME = "$(TARGET_NAME)";
			};
			name = Release;
		};
		868719FC1999518C00456550 /* Debug */ = {
			isa = XCBuildConfiguration;
			buildSettings = {
				BUNDLE_LOADER = "$(TEST_HOST)";
				FRAMEWORK_SEARCH_PATHS = (
					"$(SDKROOT)/Developer/Library/Frameworks",
					"$(inherited)",
				);
				GCC_PREPROCESSOR_DEFINITIONS = (
					"DEBUG=1",
					"$(inherited)",
				);
				INFOPLIST_FILE = FlickerViewerTests/Info.plist;
				LD_RUNPATH_SEARCH_PATHS = "$(inherited) @executable_path/Frameworks @loader_path/Frameworks";
				PRODUCT_NAME = "$(TARGET_NAME)";
				TEST_HOST = "$(BUILT_PRODUCTS_DIR)/FlickerViewer.app/FlickerViewer";
			};
			name = Debug;
		};
		868719FD1999518C00456550 /* Release */ = {
			isa = XCBuildConfiguration;
			buildSettings = {
				BUNDLE_LOADER = "$(TEST_HOST)";
				FRAMEWORK_SEARCH_PATHS = (
					"$(SDKROOT)/Developer/Library/Frameworks",
					"$(inherited)",
				);
				INFOPLIST_FILE = FlickerViewerTests/Info.plist;
				LD_RUNPATH_SEARCH_PATHS = "$(inherited) @executable_path/Frameworks @loader_path/Frameworks";
				PRODUCT_NAME = "$(TARGET_NAME)";
				TEST_HOST = "$(BUILT_PRODUCTS_DIR)/FlickerViewer.app/FlickerViewer";
			};
			name = Release;
		};
/* End XCBuildConfiguration section */

/* Begin XCConfigurationList section */
		868719D71999518C00456550 /* Build configuration list for PBXProject "FlickerViewer" */ = {
			isa = XCConfigurationList;
			buildConfigurations = (
				868719F61999518C00456550 /* Debug */,
				868719F71999518C00456550 /* Release */,
			);
			defaultConfigurationIsVisible = 0;
			defaultConfigurationName = Release;
		};
		868719F81999518C00456550 /* Build configuration list for PBXNativeTarget "FlickerViewer" */ = {
			isa = XCConfigurationList;
			buildConfigurations = (
				868719F91999518C00456550 /* Debug */,
				868719FA1999518C00456550 /* Release */,
			);
			defaultConfigurationIsVisible = 0;
			defaultConfigurationName = Release;
		};
		868719FB1999518C00456550 /* Build configuration list for PBXNativeTarget "FlickerViewerTests" */ = {
			isa = XCConfigurationList;
			buildConfigurations = (
				868719FC1999518C00456550 /* Debug */,
				868719FD1999518C00456550 /* Release */,
			);
			defaultConfigurationIsVisible = 0;
			defaultConfigurationName = Release;
		};
/* End XCConfigurationList section */
	};
	rootObject = 868719D41999518C00456550 /* Project object */;
}
